
Microsoft Visual Studio Solution File, Format Version 12.00
# Visual Studio Version 17
VisualStudioVersion = 17.11.35327.3
MinimumVisualStudioVersion = 10.0.40219.1
Project("{FAE04EC0-301F-11D3-BF4B-00C04F79EFBC}") = "GeoStreet.API", "GeoStreet.API\GeoStreet.API.csproj", "{3B72DF04-0340-4AC1-B6A6-17B017FBC08B}"
EndProject
Project("{FAE04EC0-301F-11D3-BF4B-00C04F79EFBC}") = "GeoStreet.API.Tests", "GeoStreet.API.Tests\GeoStreet.API.Tests.csproj", "{F57BD04B-27C5-45B7-9332-C9580A33ACAD}"
EndProject
Global
	GlobalSection(SolutionConfigurationPlatforms) = preSolution
		Debug|Any CPU = Debug|Any CPU
		Release|Any CPU = Release|Any CPU
	EndGlobalSection
	GlobalSection(ProjectConfigurationPlatforms) = postSolution
		{3B72DF04-0340-4AC1-B6A6-17B017FBC08B}.Debug|Any CPU.ActiveCfg = Debug|Any CPU
		{3B72DF04-0340-4AC1-B6A6-17B017FBC08B}.Debug|Any CPU.Build.0 = Debug|Any CPU
		{3B72DF04-0340-4AC1-B6A6-17B017FBC08B}.Release|Any CPU.ActiveCfg = Release|Any CPU
		{3B72DF04-0340-4AC1-B6A6-17B017FBC08B}.Release|Any CPU.Build.0 = Release|Any CPU
		{F57BD04B-27C5-45B7-9332-C9580A33ACAD}.Debug|Any CPU.ActiveCfg = Debug|Any CPU
		{F57BD04B-27C5-45B7-9332-C9580A33ACAD}.Debug|Any CPU.Build.0 = Debug|Any CPU
		{F57BD04B-27C5-45B7-9332-C9580A33ACAD}.Release|Any CPU.ActiveCfg = Release|Any CPU
		{F57BD04B-27C5-45B7-9332-C9580A33ACAD}.Release|Any CPU.Build.0 = Release|Any CPU
	EndGlobalSection
	GlobalSection(SolutionProperties) = preSolution
		HideSolutionNode = FALSE
	EndGlobalSection
	GlobalSection(ExtensibilityGlobals) = postSolution
		SolutionGuid = {CD2BD59A-2872-4CF1-B20A-09327CDB5FC3}
	EndGlobalSection
EndGlobal
