
Microsoft Visual Studio Solution File, Format Version 12.00
# Visual Studio Version 17
VisualStudioVersion = 17.11.35327.3
MinimumVisualStudioVersion = 10.0.40219.1
Project("{FAE04EC0-301F-11D3-BF4B-00C04F79EFBC}") = "GeoStreet-Service", "GeoStreet-Service\GeoStreet-Service.csproj", "{1290C12D-5FAD-4777-A319-66C7E59BBAEA}"
EndProject
Global
	GlobalSection(SolutionConfigurationPlatforms) = preSolution
		Debug|Any CPU = Debug|Any CPU
		Release|Any CPU = Release|Any CPU
	EndGlobalSection
	GlobalSection(ProjectConfigurationPlatforms) = postSolution
		{1290C12D-5FAD-4777-A319-66C7E59BBAEA}.Debug|Any CPU.ActiveCfg = Debug|Any CPU
		{1290C12D-5FAD-4777-A319-66C7E59BBAEA}.Debug|Any CPU.Build.0 = Debug|Any CPU
		{1290C12D-5FAD-4777-A319-66C7E59BBAEA}.Release|Any CPU.ActiveCfg = Release|Any CPU
		{1290C12D-5FAD-4777-A319-66C7E59BBAEA}.Release|Any CPU.Build.0 = Release|Any CPU
	EndGlobalSection
	GlobalSection(SolutionProperties) = preSolution
		HideSolutionNode = FALSE
	EndGlobalSection
	GlobalSection(ExtensibilityGlobals) = postSolution
		SolutionGuid = {129DFE9C-B315-4766-9DFF-0AFF84C8F673}
	EndGlobalSection
EndGlobal
