
Microsoft Visual Studio Solution File, Format Version 12.00
# Visual Studio Version 17
VisualStudioVersion = 17.11.35327.3
MinimumVisualStudioVersion = 10.0.40219.1
Project("{FAE04EC0-301F-11D3-BF4B-00C04F79EFBC}") = "GeoStreet-Service", "GeoStreet-Service\GeoStreet-Service.csproj", "{427C9CDA-C279-4866-8675-34ECA53BDA95}"
EndProject
Global
	GlobalSection(SolutionConfigurationPlatforms) = preSolution
		Debug|Any CPU = Debug|Any CPU
		Release|Any CPU = Release|Any CPU
	EndGlobalSection
	GlobalSection(ProjectConfigurationPlatforms) = postSolution
		{427C9CDA-C279-4866-8675-34ECA53BDA95}.Debug|Any CPU.ActiveCfg = Debug|Any CPU
		{427C9CDA-C279-4866-8675-34ECA53BDA95}.Debug|Any CPU.Build.0 = Debug|Any CPU
		{427C9CDA-C279-4866-8675-34ECA53BDA95}.Release|Any CPU.ActiveCfg = Release|Any CPU
		{427C9CDA-C279-4866-8675-34ECA53BDA95}.Release|Any CPU.Build.0 = Release|Any CPU
	EndGlobalSection
	GlobalSection(SolutionProperties) = preSolution
		HideSolutionNode = FALSE
	EndGlobalSection
	GlobalSection(ExtensibilityGlobals) = postSolution
		SolutionGuid = {3FA52353-3FC1-48B9-B7FC-FDD4314A4AEF}
	EndGlobalSection
EndGlobal
